{
  "meteor": {},
  "dependencies": {
    "basePackages": {
      "messageformat": {
        "path": ".."
      }
    },
    "packages": {
      "messageformat": {
        "path": ".."
      },
      "headers": {
        "git": "https://github.com/gadicohen/meteor-headers.git",
        "tag": "v0.0.20",
        "commit": "8dc6d6445def7151e2723b6f7e74818e1fe4b5b4"
      },
      "inject-initial": {
        "git": "https://github.com/gadicc/meteor-inject-initial.git",
        "tag": "v0.0.3",
        "commit": "7ebbbbdc3c4377bb9bbb1b683971451375d2233f"
      }
    }
  }
}
