{
  "meteor": {},
  "dependencies": {
    "basePackages": {
      "messageformat": {
        "path": "../.."
      },
      "SyntaxHighlighter": {
        "path": "../../../SyntaxHighlighter"
      }
    },
    "packages": {
      "messageformat": {
        "path": "../.."
      },
      "SyntaxHighlighter": {
        "path": "../../../SyntaxHighlighter"
      },
      "headers": {
        "git": "https://github.com/gadicohen/meteor-headers.git",
        "tag": "v0.0.2",
        "commit": "b0a42698a03888a6bd72f3e92b321aa58688e57b"
      }
    }
  }
}
