{
  "meteor": {
    "git": "https://github.com/meteor/meteor.git",
    "branch": "shark",
    "commit": "73090253483576ad05d07058f523ad2cae0677d9"
  },
  "dependencies": {
    "basePackages": {
      "iron-router": {
        "git": "https://github.com/EventedMind/iron-router.git",
        "branch": "cmather"
      },
      "messageformat": {
        "path": ".."
      },
      "SyntaxHighlighter": {
        "path": "../../SyntaxHighlighter"
      },
      "bootstrap-3": {
        "version": "3.1.0-1"
      }
    },
    "packages": {
      "iron-router": {
        "git": "https://github.com/EventedMind/iron-router.git",
        "branch": "cmather",
        "commit": "030f298074d4c3b0046ede7a3c15d7be6e2f96c1"
      },
      "messageformat": {
        "path": ".."
      },
      "SyntaxHighlighter": {
        "path": "../../SyntaxHighlighter"
      },
      "bootstrap-3": {
        "git": "https://github.com/mangasocial/meteor-bootstrap-3.git",
        "tag": "v3.1.0-1",
        "commit": "329dccb08bfc18c635676dea600ac9953162cda9"
      },
      "headers": {
        "git": "https://github.com/gadicohen/meteor-headers.git",
        "tag": "v0.0.15",
        "commit": "0852ea4df6b1314914c4355160d0b0fd61675aea"
      },
      "sp-marked": {
        "git": "https://bitbucket.org/parhelium/sp-marked",
        "tag": "v0.0.2",
        "commit": "fd044a222eeb4902a62da5839162b3d6dbd477be"
      }
    }
  }
}
