{
  "meteor": {},
  "dependencies": {
    "basePackages": {
      "iron-router": {
        "git": "https://github.com/EventedMind/iron-router.git",
        "branch": "blaze-integration"
      },
      "messageformat": {
        "path": ".."
      },
      "SyntaxHighlighter": {
        "path": "../../SyntaxHighlighter"
      },
      "bootstrap-3": {},
      "blaze-layout": {}
    },
    "packages": {
      "iron-router": {
        "git": "https://github.com/EventedMind/iron-router.git",
        "branch": "blaze-integration",
        "commit": "35ea9b93fff61af9f3a4c01d1c48ede00f176391"
      },
      "messageformat": {
        "path": ".."
      },
      "SyntaxHighlighter": {
        "path": "../../SyntaxHighlighter"
      },
      "bootstrap-3": {
        "git": "https://github.com/mangasocial/meteor-bootstrap-3.git",
        "tag": "v3.1.1-1",
        "commit": "63dd38968828bb8963636df93e9a1c45e2dfe67e"
      },
      "blaze-layout": {
        "git": "https://github.com/EventedMind/blaze-layout.git",
        "tag": "v0.2.1",
        "commit": "f52f416d6277f27b11832355298553e46b8cc6fd"
      },
      "headers": {
        "git": "https://github.com/gadicohen/meteor-headers.git",
        "tag": "v0.0.15",
        "commit": "0852ea4df6b1314914c4355160d0b0fd61675aea"
      },
      "sp-marked": {
        "git": "https://bitbucket.org/parhelium/sp-marked",
        "tag": "v0.0.2",
        "commit": "fd044a222eeb4902a62da5839162b3d6dbd477be"
      }
    }
  }
}
